
Microsoft Visual Studio Solution File, Format Version 12.00
# Visual Studio 15
VisualStudioVersion = 15.0.27428.2005
MinimumVisualStudioVersion = 10.0.40219.1
Project("{FAE04EC0-301F-11D3-BF4B-00C04F79EFBC}") = "MultipleChoice", "ConsoleApp3\MultipleChoice.csproj", "{98A7D64B-FA82-43BA-858F-3BEAF14EFFA2}"
EndProject
Global
	GlobalSection(SolutionConfigurationPlatforms) = preSolution
		Debug|Any CPU = Debug|Any CPU
		Release|Any CPU = Release|Any CPU
	EndGlobalSection
	GlobalSection(ProjectConfigurationPlatforms) = postSolution
		{98A7D64B-FA82-43BA-858F-3BEAF14EFFA2}.Debug|Any CPU.ActiveCfg = Debug|Any CPU
		{98A7D64B-FA82-43BA-858F-3BEAF14EFFA2}.Debug|Any CPU.Build.0 = Debug|Any CPU
		{98A7D64B-FA82-43BA-858F-3BEAF14EFFA2}.Release|Any CPU.ActiveCfg = Release|Any CPU
		{98A7D64B-FA82-43BA-858F-3BEAF14EFFA2}.Release|Any CPU.Build.0 = Release|Any CPU
	EndGlobalSection
	GlobalSection(SolutionProperties) = preSolution
		HideSolutionNode = FALSE
	EndGlobalSection
	GlobalSection(ExtensibilityGlobals) = postSolution
		SolutionGuid = {B4F233A9-477B-4AB1-A39D-6F57FEBF42C7}
	EndGlobalSection
EndGlobal
